
Microsoft Visual Studio Solution File, Format Version 12.00
# Visual Studio Version 17
VisualStudioVersion = 17.7.34031.279
MinimumVisualStudioVersion = 10.0.40219.1
Project("{FAE04EC0-301F-11D3-BF4B-00C04F79EFBC}") = "UtilityClient", "UtilityClient.csproj", "{329E349D-A266-4E34-ACA7-B16F13E52683}"
EndProject
Project("{9A19103F-16F7-4668-BE54-9A1E7A4F7556}") = "UtilityBillCompilerFunction", "..\UtilityBillCompilerFunction\UtilityBillCompilerFunction.csproj", "{847C9C99-1881-4E1C-B147-9A2004304EF3}"
EndProject
Global
	GlobalSection(SolutionConfigurationPlatforms) = preSolution
		Debug|Any CPU = Debug|Any CPU
		Release|Any CPU = Release|Any CPU
	EndGlobalSection
	GlobalSection(ProjectConfigurationPlatforms) = postSolution
		{329E349D-A266-4E34-ACA7-B16F13E52683}.Debug|Any CPU.ActiveCfg = Debug|Any CPU
		{329E349D-A266-4E34-ACA7-B16F13E52683}.Debug|Any CPU.Build.0 = Debug|Any CPU
		{329E349D-A266-4E34-ACA7-B16F13E52683}.Release|Any CPU.ActiveCfg = Release|Any CPU
		{329E349D-A266-4E34-ACA7-B16F13E52683}.Release|Any CPU.Build.0 = Release|Any CPU
		{847C9C99-1881-4E1C-B147-9A2004304EF3}.Debug|Any CPU.ActiveCfg = Debug|Any CPU
		{847C9C99-1881-4E1C-B147-9A2004304EF3}.Debug|Any CPU.Build.0 = Debug|Any CPU
		{847C9C99-1881-4E1C-B147-9A2004304EF3}.Release|Any CPU.ActiveCfg = Release|Any CPU
		{847C9C99-1881-4E1C-B147-9A2004304EF3}.Release|Any CPU.Build.0 = Release|Any CPU
	EndGlobalSection
	GlobalSection(SolutionProperties) = preSolution
		HideSolutionNode = FALSE
	EndGlobalSection
	GlobalSection(ExtensibilityGlobals) = postSolution
		SolutionGuid = {103F6B6A-B193-4174-846F-A6F9309D52F9}
	EndGlobalSection
EndGlobal
